// !$*UTF8*$!
{
	archiveVersion = 1;
	classes = {
	};
	objectVersion = 50;
	objects = {

/* Begin PBXBuildFile section */
		567550DE231A8D5400B319F9 /* AppDelegate.swift in Sources */ = {isa = PBXBuildFile; fileRef = 567550DD231A8D5400B319F9 /* AppDelegate.swift */; };
		567550E0231A8D5400B319F9 /* ViewController.swift in Sources */ = {isa = PBXBuildFile; fileRef = 567550DF231A8D5400B319F9 /* ViewController.swift */; };
		567550E3231A8D5400B319F9 /* Main.storyboard in Resources */ = {isa = PBXBuildFile; fileRef = 567550E1231A8D5400B319F9 /* Main.storyboard */; };
		567550E6231A8D5400B319F9 /* VirtualTourist.xcdatamodeld in Sources */ = {isa = PBXBuildFile; fileRef = 567550E4231A8D5400B319F9 /* VirtualTourist.xcdatamodeld */; };
		567550E8231A8D5B00B319F9 /* Assets.xcassets in Resources */ = {isa = PBXBuildFile; fileRef = 567550E7231A8D5B00B319F9 /* Assets.xcassets */; };
		567550EB231A8D5B00B319F9 /* LaunchScreen.storyboard in Resources */ = {isa = PBXBuildFile; fileRef = 567550E9231A8D5B00B319F9 /* LaunchScreen.storyboard */; };
		567550F3231AC0E700B319F9 /* PinDataService.swift in Sources */ = {isa = PBXBuildFile; fileRef = 567550F2231AC0E700B319F9 /* PinDataService.swift */; };
		567550F5231CC67300B319F9 /* NetworkService.swift in Sources */ = {isa = PBXBuildFile; fileRef = 567550F4231CC67300B319F9 /* NetworkService.swift */; };
		567550F7231CCFB100B319F9 /* APIKey.swift in Sources */ = {isa = PBXBuildFile; fileRef = 567550F6231CCFB100B319F9 /* APIKey.swift */; };
		567550FA231CFDF200B319F9 /* Router.swift in Sources */ = {isa = PBXBuildFile; fileRef = 567550F9231CFDF200B319F9 /* Router.swift */; };
		567550FC231D0B0D00B319F9 /* NetworkManager.swift in Sources */ = {isa = PBXBuildFile; fileRef = 567550FB231D0B0D00B319F9 /* NetworkManager.swift */; };
		567550FE231D158F00B319F9 /* SearchResponse.swift in Sources */ = {isa = PBXBuildFile; fileRef = 567550FD231D158F00B319F9 /* SearchResponse.swift */; };
/* End PBXBuildFile section */

/* Begin PBXFileReference section */
		567550DA231A8D5400B319F9 /* VirtualTourist.app */ = {isa = PBXFileReference; explicitFileType = wrapper.application; includeInIndex = 0; path = VirtualTourist.app; sourceTree = BUILT_PRODUCTS_DIR; };
		567550DD231A8D5400B319F9 /* AppDelegate.swift */ = {isa = PBXFileReference; lastKnownFileType = sourcecode.swift; path = AppDelegate.swift; sourceTree = "<group>"; };
		567550DF231A8D5400B319F9 /* ViewController.swift */ = {isa = PBXFileReference; lastKnownFileType = sourcecode.swift; path = ViewController.swift; sourceTree = "<group>"; };
		567550E2231A8D5400B319F9 /* Base */ = {isa = PBXFileReference; lastKnownFileType = file.storyboard; name = Base; path = Base.lproj/Main.storyboard; sourceTree = "<group>"; };
		567550E5231A8D5400B319F9 /* VirtualTourist.xcdatamodel */ = {isa = PBXFileReference; lastKnownFileType = wrapper.xcdatamodel; path = VirtualTourist.xcdatamodel; sourceTree = "<group>"; };
		567550E7231A8D5B00B319F9 /* Assets.xcassets */ = {isa = PBXFileReference; lastKnownFileType = folder.assetcatalog; path = Assets.xcassets; sourceTree = "<group>"; };
		567550EA231A8D5B00B319F9 /* Base */ = {isa = PBXFileReference; lastKnownFileType = file.storyboard; name = Base; path = Base.lproj/LaunchScreen.storyboard; sourceTree = "<group>"; };
		567550EC231A8D5B00B319F9 /* Info.plist */ = {isa = PBXFileReference; lastKnownFileType = text.plist.xml; path = Info.plist; sourceTree = "<group>"; };
		567550F2231AC0E700B319F9 /* PinDataService.swift */ = {isa = PBXFileReference; lastKnownFileType = sourcecode.swift; path = PinDataService.swift; sourceTree = "<group>"; };
		567550F4231CC67300B319F9 /* NetworkService.swift */ = {isa = PBXFileReference; lastKnownFileType = sourcecode.swift; path = NetworkService.swift; sourceTree = "<group>"; };
		567550F6231CCFB100B319F9 /* APIKey.swift */ = {isa = PBXFileReference; lastKnownFileType = sourcecode.swift; path = APIKey.swift; sourceTree = "<group>"; };
		567550F9231CFDF200B319F9 /* Router.swift */ = {isa = PBXFileReference; lastKnownFileType = sourcecode.swift; path = Router.swift; sourceTree = "<group>"; };
		567550FB231D0B0D00B319F9 /* NetworkManager.swift */ = {isa = PBXFileReference; lastKnownFileType = sourcecode.swift; path = NetworkManager.swift; sourceTree = "<group>"; };
		567550FD231D158F00B319F9 /* SearchResponse.swift */ = {isa = PBXFileReference; lastKnownFileType = sourcecode.swift; path = SearchResponse.swift; sourceTree = "<group>"; };
/* End PBXFileReference section */

/* Begin PBXFrameworksBuildPhase section */
		567550D7231A8D5400B319F9 /* Frameworks */ = {
			isa = PBXFrameworksBuildPhase;
			buildActionMask = 2147483647;
			files = (
			);
			runOnlyForDeploymentPostprocessing = 0;
		};
/* End PBXFrameworksBuildPhase section */

/* Begin PBXGroup section */
		567550D1231A8D5400B319F9 = {
			isa = PBXGroup;
			children = (
				567550DC231A8D5400B319F9 /* VirtualTourist */,
				567550DB231A8D5400B319F9 /* Products */,
			);
			sourceTree = "<group>";
		};
		567550DB231A8D5400B319F9 /* Products */ = {
			isa = PBXGroup;
			children = (
				567550DA231A8D5400B319F9 /* VirtualTourist.app */,
			);
			name = Products;
			sourceTree = "<group>";
		};
		567550DC231A8D5400B319F9 /* VirtualTourist */ = {
			isa = PBXGroup;
			children = (
				567550DD231A8D5400B319F9 /* AppDelegate.swift */,
				567550DF231A8D5400B319F9 /* ViewController.swift */,
				567550E1231A8D5400B319F9 /* Main.storyboard */,
				567550E7231A8D5B00B319F9 /* Assets.xcassets */,
				567550E9231A8D5B00B319F9 /* LaunchScreen.storyboard */,
				567550EC231A8D5B00B319F9 /* Info.plist */,
				567550E4231A8D5400B319F9 /* VirtualTourist.xcdatamodeld */,
				567550F2231AC0E700B319F9 /* PinDataService.swift */,
				567550F8231CF49700B319F9 /* Network */,
			);
			path = VirtualTourist;
			sourceTree = "<group>";
		};
		567550F8231CF49700B319F9 /* Network */ = {
			isa = PBXGroup;
			children = (
				567550F6231CCFB100B319F9 /* APIKey.swift */,
				567550F4231CC67300B319F9 /* NetworkService.swift */,
				567550FD231D158F00B319F9 /* SearchResponse.swift */,
				567550F9231CFDF200B319F9 /* Router.swift */,
				567550FB231D0B0D00B319F9 /* NetworkManager.swift */,
			);
			path = Network;
			sourceTree = "<group>";
		};
/* End PBXGroup section */

/* Begin PBXNativeTarget section */
		567550D9231A8D5400B319F9 /* VirtualTourist */ = {
			isa = PBXNativeTarget;
			buildConfigurationList = 567550EF231A8D5B00B319F9 /* Build configuration list for PBXNativeTarget "VirtualTourist" */;
			buildPhases = (
				567550D6231A8D5400B319F9 /* Sources */,
				567550D7231A8D5400B319F9 /* Frameworks */,
				567550D8231A8D5400B319F9 /* Resources */,
			);
			buildRules = (
			);
			dependencies = (
			);
			name = VirtualTourist;
			productName = VirtualTourist;
			productReference = 567550DA231A8D5400B319F9 /* VirtualTourist.app */;
			productType = "com.apple.product-type.application";
		};
/* End PBXNativeTarget section */

/* Begin PBXProject section */
		567550D2231A8D5400B319F9 /* Project object */ = {
			isa = PBXProject;
			attributes = {
				LastSwiftUpdateCheck = 1030;
				LastUpgradeCheck = 1030;
				ORGANIZATIONNAME = "Zhazira Garipolla";
				TargetAttributes = {
					567550D9231A8D5400B319F9 = {
						CreatedOnToolsVersion = 10.3;
					};
				};
			};
			buildConfigurationList = 567550D5231A8D5400B319F9 /* Build configuration list for PBXProject "VirtualTourist" */;
			compatibilityVersion = "Xcode 9.3";
			developmentRegion = en;
			hasScannedForEncodings = 0;
			knownRegions = (
				en,
				Base,
			);
			mainGroup = 567550D1231A8D5400B319F9;
			productRefGroup = 567550DB231A8D5400B319F9 /* Products */;
			projectDirPath = "";
			projectRoot = "";
			targets = (
				567550D9231A8D5400B319F9 /* VirtualTourist */,
			);
		};
/* End PBXProject section */

/* Begin PBXResourcesBuildPhase section */
		567550D8231A8D5400B319F9 /* Resources */ = {
			isa = PBXResourcesBuildPhase;
			buildActionMask = 2147483647;
			files = (
				567550EB231A8D5B00B319F9 /* LaunchScreen.storyboard in Resources */,
				567550E8231A8D5B00B319F9 /* Assets.xcassets in Resources */,
				567550E3231A8D5400B319F9 /* Main.storyboard in Resources */,
			);
			runOnlyForDeploymentPostprocessing = 0;
		};
/* End PBXResourcesBuildPhase section */

/* Begin PBXSourcesBuildPhase section */
		567550D6231A8D5400B319F9 /* Sources */ = {
			isa = PBXSourcesBuildPhase;
			buildActionMask = 2147483647;
			files = (
				567550E0231A8D5400B319F9 /* ViewController.swift in Sources */,
				567550DE231A8D5400B319F9 /* AppDelegate.swift in Sources */,
				567550F3231AC0E700B319F9 /* PinDataService.swift in Sources */,
				567550FA231CFDF200B319F9 /* Router.swift in Sources */,
				567550FC231D0B0D00B319F9 /* NetworkManager.swift in Sources */,
				567550E6231A8D5400B319F9 /* VirtualTourist.xcdatamodeld in Sources */,
				567550F7231CCFB100B319F9 /* APIKey.swift in Sources */,
				567550F5231CC67300B319F9 /* NetworkService.swift in Sources */,
				567550FE231D158F00B319F9 /* SearchResponse.swift in Sources */,
			);
			runOnlyForDeploymentPostprocessing = 0;
		};
/* End PBXSourcesBuildPhase section */

/* Begin PBXVariantGroup section */
		567550E1231A8D5400B319F9 /* Main.storyboard */ = {
			isa = PBXVariantGroup;
			children = (
				567550E2231A8D5400B319F9 /* Base */,
			);
			name = Main.storyboard;
			sourceTree = "<group>";
		};
		567550E9231A8D5B00B319F9 /* LaunchScreen.storyboard */ = {
			isa = PBXVariantGroup;
			children = (
				567550EA231A8D5B00B319F9 /* Base */,
			);
			name = LaunchScreen.storyboard;
			sourceTree = "<group>";
		};
/* End PBXVariantGroup section */

/* Begin XCBuildConfiguration section */
		567550ED231A8D5B00B319F9 /* Debug */ = {
			isa = XCBuildConfiguration;
			buildSettings = {
				ALWAYS_SEARCH_USER_PATHS = NO;
				CLANG_ANALYZER_NONNULL = YES;
				CLANG_ANALYZER_NUMBER_OBJECT_CONVERSION = YES_AGGRESSIVE;
				CLANG_CXX_LANGUAGE_STANDARD = "gnu++14";
				CLANG_CXX_LIBRARY = "libc++";
				CLANG_ENABLE_MODULES = YES;
				CLANG_ENABLE_OBJC_ARC = YES;
				CLANG_ENABLE_OBJC_WEAK = YES;
				CLANG_WARN_BLOCK_CAPTURE_AUTORELEASING = YES;
				CLANG_WARN_BOOL_CONVERSION = YES;
				CLANG_WARN_COMMA = YES;
				CLANG_WARN_CONSTANT_CONVERSION = YES;
				CLANG_WARN_DEPRECATED_OBJC_IMPLEMENTATIONS = YES;
				CLANG_WARN_DIRECT_OBJC_ISA_USAGE = YES_ERROR;
				CLANG_WARN_DOCUMENTATION_COMMENTS = YES;
				CLANG_WARN_EMPTY_BODY = YES;
				CLANG_WARN_ENUM_CONVERSION = YES;
				CLANG_WARN_INFINITE_RECURSION = YES;
				CLANG_WARN_INT_CONVERSION = YES;
				CLANG_WARN_NON_LITERAL_NULL_CONVERSION = YES;
				CLANG_WARN_OBJC_IMPLICIT_RETAIN_SELF = YES;
				CLANG_WARN_OBJC_LITERAL_CONVERSION = YES;
				CLANG_WARN_OBJC_ROOT_CLASS = YES_ERROR;
				CLANG_WARN_RANGE_LOOP_ANALYSIS = YES;
				CLANG_WARN_STRICT_PROTOTYPES = YES;
				CLANG_WARN_SUSPICIOUS_MOVE = YES;
				CLANG_WARN_UNGUARDED_AVAILABILITY = YES_AGGRESSIVE;
				CLANG_WARN_UNREACHABLE_CODE = YES;
				CLANG_WARN__DUPLICATE_METHOD_MATCH = YES;
				CODE_SIGN_IDENTITY = "iPhone Developer";
				COPY_PHASE_STRIP = NO;
				DEBUG_INFORMATION_FORMAT = dwarf;
				ENABLE_STRICT_OBJC_MSGSEND = YES;
				ENABLE_TESTABILITY = YES;
				GCC_C_LANGUAGE_STANDARD = gnu11;
				GCC_DYNAMIC_NO_PIC = NO;
				GCC_NO_COMMON_BLOCKS = YES;
				GCC_OPTIMIZATION_LEVEL = 0;
				GCC_PREPROCESSOR_DEFINITIONS = (
					"DEBUG=1",
					"$(inherited)",
				);
				GCC_WARN_64_TO_32_BIT_CONVERSION = YES;
				GCC_WARN_ABOUT_RETURN_TYPE = YES_ERROR;
				GCC_WARN_UNDECLARED_SELECTOR = YES;
				GCC_WARN_UNINITIALIZED_AUTOS = YES_AGGRESSIVE;
				GCC_WARN_UNUSED_FUNCTION = YES;
				GCC_WARN_UNUSED_VARIABLE = YES;
				IPHONEOS_DEPLOYMENT_TARGET = 12.4;
				MTL_ENABLE_DEBUG_INFO = INCLUDE_SOURCE;
				MTL_FAST_MATH = YES;
				ONLY_ACTIVE_ARCH = YES;
				SDKROOT = iphoneos;
				SWIFT_ACTIVE_COMPILATION_CONDITIONS = DEBUG;
				SWIFT_OPTIMIZATION_LEVEL = "-Onone";
			};
			name = Debug;
		};
		567550EE231A8D5B00B319F9 /* Release */ = {
			isa = XCBuildConfiguration;
			buildSettings = {
				ALWAYS_SEARCH_USER_PATHS = NO;
				CLANG_ANALYZER_NONNULL = YES;
				CLANG_ANALYZER_NUMBER_OBJECT_CONVERSION = YES_AGGRESSIVE;
				CLANG_CXX_LANGUAGE_STANDARD = "gnu++14";
				CLANG_CXX_LIBRARY = "libc++";
				CLANG_ENABLE_MODULES = YES;
				CLANG_ENABLE_OBJC_ARC = YES;
				CLANG_ENABLE_OBJC_WEAK = YES;
				CLANG_WARN_BLOCK_CAPTURE_AUTORELEASING = YES;
				CLANG_WARN_BOOL_CONVERSION = YES;
				CLANG_WARN_COMMA = YES;
				CLANG_WARN_CONSTANT_CONVERSION = YES;
				CLANG_WARN_DEPRECATED_OBJC_IMPLEMENTATIONS = YES;
				CLANG_WARN_DIRECT_OBJC_ISA_USAGE = YES_ERROR;
				CLANG_WARN_DOCUMENTATION_COMMENTS = YES;
				CLANG_WARN_EMPTY_BODY = YES;
				CLANG_WARN_ENUM_CONVERSION = YES;
				CLANG_WARN_INFINITE_RECURSION = YES;
				CLANG_WARN_INT_CONVERSION = YES;
				CLANG_WARN_NON_LITERAL_NULL_CONVERSION = YES;
				CLANG_WARN_OBJC_IMPLICIT_RETAIN_SELF = YES;
				CLANG_WARN_OBJC_LITERAL_CONVERSION = YES;
				CLANG_WARN_OBJC_ROOT_CLASS = YES_ERROR;
				CLANG_WARN_RANGE_LOOP_ANALYSIS = YES;
				CLANG_WARN_STRICT_PROTOTYPES = YES;
				CLANG_WARN_SUSPICIOUS_MOVE = YES;
				CLANG_WARN_UNGUARDED_AVAILABILITY = YES_AGGRESSIVE;
				CLANG_WARN_UNREACHABLE_CODE = YES;
				CLANG_WARN__DUPLICATE_METHOD_MATCH = YES;
				CODE_SIGN_IDENTITY = "iPhone Developer";
				COPY_PHASE_STRIP = NO;
				DEBUG_INFORMATION_FORMAT = "dwarf-with-dsym";
				ENABLE_NS_ASSERTIONS = NO;
				ENABLE_STRICT_OBJC_MSGSEND = YES;
				GCC_C_LANGUAGE_STANDARD = gnu11;
				GCC_NO_COMMON_BLOCKS = YES;
				GCC_WARN_64_TO_32_BIT_CONVERSION = YES;
				GCC_WARN_ABOUT_RETURN_TYPE = YES_ERROR;
				GCC_WARN_UNDECLARED_SELECTOR = YES;
				GCC_WARN_UNINITIALIZED_AUTOS = YES_AGGRESSIVE;
				GCC_WARN_UNUSED_FUNCTION = YES;
				GCC_WARN_UNUSED_VARIABLE = YES;
				IPHONEOS_DEPLOYMENT_TARGET = 12.4;
				MTL_ENABLE_DEBUG_INFO = NO;
				MTL_FAST_MATH = YES;
				SDKROOT = iphoneos;
				SWIFT_COMPILATION_MODE = wholemodule;
				SWIFT_OPTIMIZATION_LEVEL = "-O";
				VALIDATE_PRODUCT = YES;
			};
			name = Release;
		};
		567550F0231A8D5B00B319F9 /* Debug */ = {
			isa = XCBuildConfiguration;
			buildSettings = {
				ASSETCATALOG_COMPILER_APPICON_NAME = AppIcon;
				CODE_SIGN_STYLE = Automatic;
				DEVELOPMENT_TEAM = 3359JPU45W;
				INFOPLIST_FILE = VirtualTourist/Info.plist;
				LD_RUNPATH_SEARCH_PATHS = (
					"$(inherited)",
					"@executable_path/Frameworks",
				);
				PRODUCT_BUNDLE_IDENTIFIER = nn.VirtualTourist;
				PRODUCT_NAME = "$(TARGET_NAME)";
				SWIFT_VERSION = 5.0;
				TARGETED_DEVICE_FAMILY = "1,2";
			};
			name = Debug;
		};
		567550F1231A8D5B00B319F9 /* Release */ = {
			isa = XCBuildConfiguration;
			buildSettings = {
				ASSETCATALOG_COMPILER_APPICON_NAME = AppIcon;
				CODE_SIGN_STYLE = Automatic;
				DEVELOPMENT_TEAM = 3359JPU45W;
				INFOPLIST_FILE = VirtualTourist/Info.plist;
				LD_RUNPATH_SEARCH_PATHS = (
					"$(inherited)",
					"@executable_path/Frameworks",
				);
				PRODUCT_BUNDLE_IDENTIFIER = nn.VirtualTourist;
				PRODUCT_NAME = "$(TARGET_NAME)";
				SWIFT_VERSION = 5.0;
				TARGETED_DEVICE_FAMILY = "1,2";
			};
			name = Release;
		};
/* End XCBuildConfiguration section */

/* Begin XCConfigurationList section */
		567550D5231A8D5400B319F9 /* Build configuration list for PBXProject "VirtualTourist" */ = {
			isa = XCConfigurationList;
			buildConfigurations = (
				567550ED231A8D5B00B319F9 /* Debug */,
				567550EE231A8D5B00B319F9 /* Release */,
			);
			defaultConfigurationIsVisible = 0;
			defaultConfigurationName = Release;
		};
		567550EF231A8D5B00B319F9 /* Build configuration list for PBXNativeTarget "VirtualTourist" */ = {
			isa = XCConfigurationList;
			buildConfigurations = (
				567550F0231A8D5B00B319F9 /* Debug */,
				567550F1231A8D5B00B319F9 /* Release */,
			);
			defaultConfigurationIsVisible = 0;
			defaultConfigurationName = Release;
		};
/* End XCConfigurationList section */

/* Begin XCVersionGroup section */
		567550E4231A8D5400B319F9 /* VirtualTourist.xcdatamodeld */ = {
			isa = XCVersionGroup;
			children = (
				567550E5231A8D5400B319F9 /* VirtualTourist.xcdatamodel */,
			);
			currentVersion = 567550E5231A8D5400B319F9 /* VirtualTourist.xcdatamodel */;
			path = VirtualTourist.xcdatamodeld;
			sourceTree = "<group>";
			versionGroupType = wrapper.xcdatamodel;
		};
/* End XCVersionGroup section */
	};
	rootObject = 567550D2231A8D5400B319F9 /* Project object */;
}
